
Microsoft Visual Studio Solution File, Format Version 12.00
# Visual Studio Version 17
VisualStudioVersion = 17.7.34202.233
MinimumVisualStudioVersion = 10.0.40219.1
Project("{FAE04EC0-301F-11D3-BF4B-00C04F79EFBC}") = "Lab_12", "Lab_12\Lab_12.csproj", "{8081299C-A6A4-476C-96BC-31F00328A544}"
EndProject
Global
	GlobalSection(SolutionConfigurationPlatforms) = preSolution
		Debug|Any CPU = Debug|Any CPU
		Release|Any CPU = Release|Any CPU
	EndGlobalSection
	GlobalSection(ProjectConfigurationPlatforms) = postSolution
		{8081299C-A6A4-476C-96BC-31F00328A544}.Debug|Any CPU.ActiveCfg = Debug|Any CPU
		{8081299C-A6A4-476C-96BC-31F00328A544}.Debug|Any CPU.Build.0 = Debug|Any CPU
		{8081299C-A6A4-476C-96BC-31F00328A544}.Release|Any CPU.ActiveCfg = Release|Any CPU
		{8081299C-A6A4-476C-96BC-31F00328A544}.Release|Any CPU.Build.0 = Release|Any CPU
	EndGlobalSection
	GlobalSection(SolutionProperties) = preSolution
		HideSolutionNode = FALSE
	EndGlobalSection
	GlobalSection(ExtensibilityGlobals) = postSolution
		SolutionGuid = {14350705-B7F4-43D7-9652-1A359FCC5E10}
	EndGlobalSection
EndGlobal
