
Microsoft Visual Studio Solution File, Format Version 12.00
# Visual Studio Version 17
VisualStudioVersion = 17.7.34202.233
MinimumVisualStudioVersion = 10.0.40219.1
Project("{8BC9CEB8-8B4A-11D0-8D11-00A0C91BC942}") = "lab_07", "lab_07\lab_07.vcxproj", "{222DE0BD-6FFE-436B-AEC3-4E9E964E278B}"
EndProject
Global
	GlobalSection(SolutionConfigurationPlatforms) = preSolution
		Debug|x64 = Debug|x64
		Debug|x86 = Debug|x86
		Release|x64 = Release|x64
		Release|x86 = Release|x86
	EndGlobalSection
	GlobalSection(ProjectConfigurationPlatforms) = postSolution
		{222DE0BD-6FFE-436B-AEC3-4E9E964E278B}.Debug|x64.ActiveCfg = Debug|x64
		{222DE0BD-6FFE-436B-AEC3-4E9E964E278B}.Debug|x64.Build.0 = Debug|x64
		{222DE0BD-6FFE-436B-AEC3-4E9E964E278B}.Debug|x86.ActiveCfg = Debug|Win32
		{222DE0BD-6FFE-436B-AEC3-4E9E964E278B}.Debug|x86.Build.0 = Debug|Win32
		{222DE0BD-6FFE-436B-AEC3-4E9E964E278B}.Release|x64.ActiveCfg = Release|x64
		{222DE0BD-6FFE-436B-AEC3-4E9E964E278B}.Release|x64.Build.0 = Release|x64
		{222DE0BD-6FFE-436B-AEC3-4E9E964E278B}.Release|x86.ActiveCfg = Release|Win32
		{222DE0BD-6FFE-436B-AEC3-4E9E964E278B}.Release|x86.Build.0 = Release|Win32
	EndGlobalSection
	GlobalSection(SolutionProperties) = preSolution
		HideSolutionNode = FALSE
	EndGlobalSection
	GlobalSection(ExtensibilityGlobals) = postSolution
		SolutionGuid = {20F22DBE-9B5E-4BCC-A55E-F85CB4D3463E}
	EndGlobalSection
EndGlobal
